
Microsoft Visual Studio Solution File, Format Version 12.00
# Visual Studio Version 17
VisualStudioVersion = 17.6.33815.320
MinimumVisualStudioVersion = 10.0.40219.1
Project("{8BC9CEB8-8B4A-11D0-8D11-00A0C91BC942}") = "PerfADerp", "PerfADerp.vcxproj", "{347A6E18-5C95-4377-BEBB-40F32560F93D}"
EndProject
Project("{FAE04EC0-301F-11D3-BF4B-00C04F79EFBC}") = "PerfADerpDotnet", "..\PerfADerpDotnet\PerfADerpDotnet.csproj", "{24341242-75DF-42A5-9215-02A2AF461353}"
EndProject
Global
	GlobalSection(SolutionConfigurationPlatforms) = preSolution
		Debug|Any CPU = Debug|Any CPU
		Debug|x64 = Debug|x64
		Release|Any CPU = Release|Any CPU
		Release|x64 = Release|x64
	EndGlobalSection
	GlobalSection(ProjectConfigurationPlatforms) = postSolution
		{347A6E18-5C95-4377-BEBB-40F32560F93D}.Debug|Any CPU.ActiveCfg = Debug|x64
		{347A6E18-5C95-4377-BEBB-40F32560F93D}.Debug|Any CPU.Build.0 = Debug|x64
		{347A6E18-5C95-4377-BEBB-40F32560F93D}.Debug|x64.ActiveCfg = Debug|x64
		{347A6E18-5C95-4377-BEBB-40F32560F93D}.Debug|x64.Build.0 = Debug|x64
		{347A6E18-5C95-4377-BEBB-40F32560F93D}.Release|Any CPU.ActiveCfg = Release|x64
		{347A6E18-5C95-4377-BEBB-40F32560F93D}.Release|Any CPU.Build.0 = Release|x64
		{347A6E18-5C95-4377-BEBB-40F32560F93D}.Release|x64.ActiveCfg = Release|x64
		{347A6E18-5C95-4377-BEBB-40F32560F93D}.Release|x64.Build.0 = Release|x64
		{24341242-75DF-42A5-9215-02A2AF461353}.Debug|Any CPU.ActiveCfg = Debug|Any CPU
		{24341242-75DF-42A5-9215-02A2AF461353}.Debug|Any CPU.Build.0 = Debug|Any CPU
		{24341242-75DF-42A5-9215-02A2AF461353}.Debug|x64.ActiveCfg = Debug|Any CPU
		{24341242-75DF-42A5-9215-02A2AF461353}.Debug|x64.Build.0 = Debug|Any CPU
		{24341242-75DF-42A5-9215-02A2AF461353}.Release|Any CPU.ActiveCfg = Release|Any CPU
		{24341242-75DF-42A5-9215-02A2AF461353}.Release|Any CPU.Build.0 = Release|Any CPU
		{24341242-75DF-42A5-9215-02A2AF461353}.Release|x64.ActiveCfg = Release|Any CPU
		{24341242-75DF-42A5-9215-02A2AF461353}.Release|x64.Build.0 = Release|Any CPU
	EndGlobalSection
	GlobalSection(SolutionProperties) = preSolution
		HideSolutionNode = FALSE
	EndGlobalSection
	GlobalSection(ExtensibilityGlobals) = postSolution
		SolutionGuid = {0400BADB-3C43-4E6C-A3D0-6925B40261C9}
	EndGlobalSection
EndGlobal
